// !$*UTF8*$!
{
	archiveVersion = 1;
	classes = {
	};
	objectVersion = 77;
	objects = {

/* Begin PBXBuildFile section */
		F462D5D02DD95B6700D13460 /* DetailPictureView.swift in Sources */ = {isa = PBXBuildFile; fileRef = F462D5CF2DD95B6700D13460 /* DetailPictureView.swift */; };
		F47CEFC52DAFEA0900D6AC29 /* MainTabView.swift in Sources */ = {isa = PBXBuildFile; fileRef = F47CEFC22DAFEA0900D6AC29 /* MainTabView.swift */; };
		F47CEFC62DAFEA0900D6AC29 /* PictureStoryApp.swift in Sources */ = {isa = PBXBuildFile; fileRef = F47CEFC32DAFEA0900D6AC29 /* PictureStoryApp.swift */; };
		F47CEFC72DAFEA0900D6AC29 /* Preview Assets.xcassets in Resources */ = {isa = PBXBuildFile; fileRef = F47CEFBF2DAFEA0900D6AC29 /* Preview Assets.xcassets */; };
		F47CEFC82DAFEA0900D6AC29 /* Assets.xcassets in Resources */ = {isa = PBXBuildFile; fileRef = F47CEFC12DAFEA0900D6AC29 /* Assets.xcassets */; };
		F47CEFCD2DAFEABF00D6AC29 /* PictureInfoModel.swift in Sources */ = {isa = PBXBuildFile; fileRef = F47CEFCC2DAFEABF00D6AC29 /* PictureInfoModel.swift */; };
		F49E659B2DDB97DA00B53EEF /* AddNewPictureView.swift in Sources */ = {isa = PBXBuildFile; fileRef = F49E659A2DDB97DA00B53EEF /* AddNewPictureView.swift */; };
		F4AF5A1F2DB13C6F00965255 /* PictureView.swift in Sources */ = {isa = PBXBuildFile; fileRef = F4AF5A1E2DB13C6F00965255 /* PictureView.swift */; };
		F4AF5A212DB13C8500965255 /* favouritePictures.swift in Sources */ = {isa = PBXBuildFile; fileRef = F4AF5A202DB13C8500965255 /* favouritePictures.swift */; };
		F4AF5A232DB13D4700965255 /* ThrowbackView.swift in Sources */ = {isa = PBXBuildFile; fileRef = F4AF5A222DB13D4700965255 /* ThrowbackView.swift */; };
		F4AF5A272DB13D8500965255 /* PicturesListView.swift in Sources */ = {isa = PBXBuildFile; fileRef = F4AF5A262DB13D8500965255 /* PicturesListView.swift */; };
		F4AF5A292DB13E3900965255 /* PictureViewModel.swift in Sources */ = {isa = PBXBuildFile; fileRef = F4AF5A282DB13E2E00965255 /* PictureViewModel.swift */; };
/* End PBXBuildFile section */

/* Begin PBXFileReference section */
		F462D5CF2DD95B6700D13460 /* DetailPictureView.swift */ = {isa = PBXFileReference; lastKnownFileType = sourcecode.swift; path = DetailPictureView.swift; sourceTree = "<group>"; };
		F47CEFAE2DAFE9DD00D6AC29 /* PictureStory.app */ = {isa = PBXFileReference; explicitFileType = wrapper.application; includeInIndex = 0; path = PictureStory.app; sourceTree = BUILT_PRODUCTS_DIR; };
		F47CEFBF2DAFEA0900D6AC29 /* Preview Assets.xcassets */ = {isa = PBXFileReference; lastKnownFileType = folder.assetcatalog; path = "Preview Assets.xcassets"; sourceTree = "<group>"; };
		F47CEFC12DAFEA0900D6AC29 /* Assets.xcassets */ = {isa = PBXFileReference; lastKnownFileType = folder.assetcatalog; path = Assets.xcassets; sourceTree = "<group>"; };
		F47CEFC22DAFEA0900D6AC29 /* MainTabView.swift */ = {isa = PBXFileReference; lastKnownFileType = sourcecode.swift; path = MainTabView.swift; sourceTree = "<group>"; };
		F47CEFC32DAFEA0900D6AC29 /* PictureStoryApp.swift */ = {isa = PBXFileReference; lastKnownFileType = sourcecode.swift; path = PictureStoryApp.swift; sourceTree = "<group>"; };
		F47CEFCC2DAFEABF00D6AC29 /* PictureInfoModel.swift */ = {isa = PBXFileReference; lastKnownFileType = sourcecode.swift; path = PictureInfoModel.swift; sourceTree = "<group>"; };
		F49E659A2DDB97DA00B53EEF /* AddNewPictureView.swift */ = {isa = PBXFileReference; lastKnownFileType = sourcecode.swift; path = AddNewPictureView.swift; sourceTree = "<group>"; };
		F4AF5A1E2DB13C6F00965255 /* PictureView.swift */ = {isa = PBXFileReference; lastKnownFileType = sourcecode.swift; path = PictureView.swift; sourceTree = "<group>"; };
		F4AF5A202DB13C8500965255 /* favouritePictures.swift */ = {isa = PBXFileReference; lastKnownFileType = sourcecode.swift; path = favouritePictures.swift; sourceTree = "<group>"; };
		F4AF5A222DB13D4700965255 /* ThrowbackView.swift */ = {isa = PBXFileReference; lastKnownFileType = sourcecode.swift; path = ThrowbackView.swift; sourceTree = "<group>"; };
		F4AF5A262DB13D8500965255 /* PicturesListView.swift */ = {isa = PBXFileReference; lastKnownFileType = sourcecode.swift; path = PicturesListView.swift; sourceTree = "<group>"; };
		F4AF5A282DB13E2E00965255 /* PictureViewModel.swift */ = {isa = PBXFileReference; lastKnownFileType = sourcecode.swift; path = PictureViewModel.swift; sourceTree = "<group>"; };
/* End PBXFileReference section */

/* Begin PBXFrameworksBuildPhase section */
		F47CEFAB2DAFE9DD00D6AC29 /* Frameworks */ = {
			isa = PBXFrameworksBuildPhase;
			buildActionMask = 2147483647;
			files = (
			);
			runOnlyForDeploymentPostprocessing = 0;
		};
/* End PBXFrameworksBuildPhase section */

/* Begin PBXGroup section */
		F47CEFA52DAFE9DD00D6AC29 = {
			isa = PBXGroup;
			children = (
				F47CEFC32DAFEA0900D6AC29 /* PictureStoryApp.swift */,
				F47CEFC42DAFEA0900D6AC29 /* PictureStory */,
				F47CEFAF2DAFE9DD00D6AC29 /* Products */,
			);
			sourceTree = "<group>";
		};
		F47CEFAF2DAFE9DD00D6AC29 /* Products */ = {
			isa = PBXGroup;
			children = (
				F47CEFAE2DAFE9DD00D6AC29 /* PictureStory.app */,
			);
			name = Products;
			sourceTree = "<group>";
		};
		F47CEFC02DAFEA0900D6AC29 /* Preview Content */ = {
			isa = PBXGroup;
			children = (
				F47CEFBF2DAFEA0900D6AC29 /* Preview Assets.xcassets */,
			);
			path = "Preview Content";
			sourceTree = "<group>";
		};
		F47CEFC42DAFEA0900D6AC29 /* PictureStory */ = {
			isa = PBXGroup;
			children = (
				F47CEFC92DAFEA1700D6AC29 /* Models */,
				F47CEFCA2DAFEA1D00D6AC29 /* ViewModels */,
				F47CEFCB2DAFEA2500D6AC29 /* Views */,
				F47CEFC02DAFEA0900D6AC29 /* Preview Content */,
				F47CEFC12DAFEA0900D6AC29 /* Assets.xcassets */,
			);
			path = PictureStory;
			sourceTree = "<group>";
		};
		F47CEFC92DAFEA1700D6AC29 /* Models */ = {
			isa = PBXGroup;
			children = (
				F47CEFCC2DAFEABF00D6AC29 /* PictureInfoModel.swift */,
			);
			path = Models;
			sourceTree = "<group>";
		};
		F47CEFCA2DAFEA1D00D6AC29 /* ViewModels */ = {
			isa = PBXGroup;
			children = (
				F4AF5A282DB13E2E00965255 /* PictureViewModel.swift */,
			);
			path = ViewModels;
			sourceTree = "<group>";
		};
		F47CEFCB2DAFEA2500D6AC29 /* Views */ = {
			isa = PBXGroup;
			children = (
				F47CEFC22DAFEA0900D6AC29 /* MainTabView.swift */,
				F4AF5A1E2DB13C6F00965255 /* PictureView.swift */,
				F4AF5A202DB13C8500965255 /* favouritePictures.swift */,
				F4AF5A222DB13D4700965255 /* ThrowbackView.swift */,
				F4AF5A262DB13D8500965255 /* PicturesListView.swift */,
				F462D5CF2DD95B6700D13460 /* DetailPictureView.swift */,
				F49E659A2DDB97DA00B53EEF /* AddNewPictureView.swift */,
			);
			path = Views;
			sourceTree = "<group>";
		};
/* End PBXGroup section */

/* Begin PBXNativeTarget section */
		F47CEFAD2DAFE9DD00D6AC29 /* PictureStory */ = {
			isa = PBXNativeTarget;
			buildConfigurationList = F47CEFBC2DAFE9DE00D6AC29 /* Build configuration list for PBXNativeTarget "PictureStory" */;
			buildPhases = (
				F47CEFAA2DAFE9DD00D6AC29 /* Sources */,
				F47CEFAB2DAFE9DD00D6AC29 /* Frameworks */,
				F47CEFAC2DAFE9DD00D6AC29 /* Resources */,
			);
			buildRules = (
			);
			dependencies = (
			);
			name = PictureStory;
			packageProductDependencies = (
			);
			productName = PictureStory;
			productReference = F47CEFAE2DAFE9DD00D6AC29 /* PictureStory.app */;
			productType = "com.apple.product-type.application";
		};
/* End PBXNativeTarget section */

/* Begin PBXProject section */
		F47CEFA62DAFE9DD00D6AC29 /* Project object */ = {
			isa = PBXProject;
			attributes = {
				BuildIndependentTargetsInParallel = 1;
				LastSwiftUpdateCheck = 1600;
				LastUpgradeCheck = 1600;
				TargetAttributes = {
					F47CEFAD2DAFE9DD00D6AC29 = {
						CreatedOnToolsVersion = 16.0;
					};
				};
			};
			buildConfigurationList = F47CEFA92DAFE9DD00D6AC29 /* Build configuration list for PBXProject "PictureStory" */;
			developmentRegion = en;
			hasScannedForEncodings = 0;
			knownRegions = (
				en,
				Base,
			);
			mainGroup = F47CEFA52DAFE9DD00D6AC29;
			minimizedProjectReferenceProxies = 1;
			preferredProjectObjectVersion = 77;
			productRefGroup = F47CEFAF2DAFE9DD00D6AC29 /* Products */;
			projectDirPath = "";
			projectRoot = "";
			targets = (
				F47CEFAD2DAFE9DD00D6AC29 /* PictureStory */,
			);
		};
/* End PBXProject section */

/* Begin PBXResourcesBuildPhase section */
		F47CEFAC2DAFE9DD00D6AC29 /* Resources */ = {
			isa = PBXResourcesBuildPhase;
			buildActionMask = 2147483647;
			files = (
				F47CEFC72DAFEA0900D6AC29 /* Preview Assets.xcassets in Resources */,
				F47CEFC82DAFEA0900D6AC29 /* Assets.xcassets in Resources */,
			);
			runOnlyForDeploymentPostprocessing = 0;
		};
/* End PBXResourcesBuildPhase section */

/* Begin PBXSourcesBuildPhase section */
		F47CEFAA2DAFE9DD00D6AC29 /* Sources */ = {
			isa = PBXSourcesBuildPhase;
			buildActionMask = 2147483647;
			files = (
				F49E659B2DDB97DA00B53EEF /* AddNewPictureView.swift in Sources */,
				F47CEFC52DAFEA0900D6AC29 /* MainTabView.swift in Sources */,
				F4AF5A292DB13E3900965255 /* PictureViewModel.swift in Sources */,
				F462D5D02DD95B6700D13460 /* DetailPictureView.swift in Sources */,
				F4AF5A212DB13C8500965255 /* favouritePictures.swift in Sources */,
				F4AF5A232DB13D4700965255 /* ThrowbackView.swift in Sources */,
				F47CEFCD2DAFEABF00D6AC29 /* PictureInfoModel.swift in Sources */,
				F4AF5A272DB13D8500965255 /* PicturesListView.swift in Sources */,
				F47CEFC62DAFEA0900D6AC29 /* PictureStoryApp.swift in Sources */,
				F4AF5A1F2DB13C6F00965255 /* PictureView.swift in Sources */,
			);
			runOnlyForDeploymentPostprocessing = 0;
		};
/* End PBXSourcesBuildPhase section */

/* Begin XCBuildConfiguration section */
		F47CEFBA2DAFE9DE00D6AC29 /* Debug */ = {
			isa = XCBuildConfiguration;
			buildSettings = {
				ALWAYS_SEARCH_USER_PATHS = NO;
				ASSETCATALOG_COMPILER_GENERATE_SWIFT_ASSET_SYMBOL_EXTENSIONS = YES;
				CLANG_ANALYZER_NONNULL = YES;
				CLANG_ANALYZER_NUMBER_OBJECT_CONVERSION = YES_AGGRESSIVE;
				CLANG_CXX_LANGUAGE_STANDARD = "gnu++20";
				CLANG_ENABLE_MODULES = YES;
				CLANG_ENABLE_OBJC_ARC = YES;
				CLANG_ENABLE_OBJC_WEAK = YES;
				CLANG_WARN_BLOCK_CAPTURE_AUTORELEASING = YES;
				CLANG_WARN_BOOL_CONVERSION = YES;
				CLANG_WARN_COMMA = YES;
				CLANG_WARN_CONSTANT_CONVERSION = YES;
				CLANG_WARN_DEPRECATED_OBJC_IMPLEMENTATIONS = YES;
				CLANG_WARN_DIRECT_OBJC_ISA_USAGE = YES_ERROR;
				CLANG_WARN_DOCUMENTATION_COMMENTS = YES;
				CLANG_WARN_EMPTY_BODY = YES;
				CLANG_WARN_ENUM_CONVERSION = YES;
				CLANG_WARN_INFINITE_RECURSION = YES;
				CLANG_WARN_INT_CONVERSION = YES;
				CLANG_WARN_NON_LITERAL_NULL_CONVERSION = YES;
				CLANG_WARN_OBJC_IMPLICIT_RETAIN_SELF = YES;
				CLANG_WARN_OBJC_LITERAL_CONVERSION = YES;
				CLANG_WARN_OBJC_ROOT_CLASS = YES_ERROR;
				CLANG_WARN_QUOTED_INCLUDE_IN_FRAMEWORK_HEADER = YES;
				CLANG_WARN_RANGE_LOOP_ANALYSIS = YES;
				CLANG_WARN_STRICT_PROTOTYPES = YES;
				CLANG_WARN_SUSPICIOUS_MOVE = YES;
				CLANG_WARN_UNGUARDED_AVAILABILITY = YES_AGGRESSIVE;
				CLANG_WARN_UNREACHABLE_CODE = YES;
				CLANG_WARN__DUPLICATE_METHOD_MATCH = YES;
				COPY_PHASE_STRIP = NO;
				DEBUG_INFORMATION_FORMAT = dwarf;
				ENABLE_STRICT_OBJC_MSGSEND = YES;
				ENABLE_TESTABILITY = YES;
				ENABLE_USER_SCRIPT_SANDBOXING = YES;
				GCC_C_LANGUAGE_STANDARD = gnu17;
				GCC_DYNAMIC_NO_PIC = NO;
				GCC_NO_COMMON_BLOCKS = YES;
				GCC_OPTIMIZATION_LEVEL = 0;
				GCC_PREPROCESSOR_DEFINITIONS = (
					"DEBUG=1",
					"$(inherited)",
				);
				GCC_WARN_64_TO_32_BIT_CONVERSION = YES;
				GCC_WARN_ABOUT_RETURN_TYPE = YES_ERROR;
				GCC_WARN_UNDECLARED_SELECTOR = YES;
				GCC_WARN_UNINITIALIZED_AUTOS = YES_AGGRESSIVE;
				GCC_WARN_UNUSED_FUNCTION = YES;
				GCC_WARN_UNUSED_VARIABLE = YES;
				IPHONEOS_DEPLOYMENT_TARGET = 18.0;
				LOCALIZATION_PREFERS_STRING_CATALOGS = YES;
				MTL_ENABLE_DEBUG_INFO = INCLUDE_SOURCE;
				MTL_FAST_MATH = YES;
				ONLY_ACTIVE_ARCH = YES;
				SDKROOT = iphoneos;
				SWIFT_ACTIVE_COMPILATION_CONDITIONS = "DEBUG $(inherited)";
				SWIFT_OPTIMIZATION_LEVEL = "-Onone";
			};
			name = Debug;
		};
		F47CEFBB2DAFE9DE00D6AC29 /* Release */ = {
			isa = XCBuildConfiguration;
			buildSettings = {
				ALWAYS_SEARCH_USER_PATHS = NO;
				ASSETCATALOG_COMPILER_GENERATE_SWIFT_ASSET_SYMBOL_EXTENSIONS = YES;
				CLANG_ANALYZER_NONNULL = YES;
				CLANG_ANALYZER_NUMBER_OBJECT_CONVERSION = YES_AGGRESSIVE;
				CLANG_CXX_LANGUAGE_STANDARD = "gnu++20";
				CLANG_ENABLE_MODULES = YES;
				CLANG_ENABLE_OBJC_ARC = YES;
				CLANG_ENABLE_OBJC_WEAK = YES;
				CLANG_WARN_BLOCK_CAPTURE_AUTORELEASING = YES;
				CLANG_WARN_BOOL_CONVERSION = YES;
				CLANG_WARN_COMMA = YES;
				CLANG_WARN_CONSTANT_CONVERSION = YES;
				CLANG_WARN_DEPRECATED_OBJC_IMPLEMENTATIONS = YES;
				CLANG_WARN_DIRECT_OBJC_ISA_USAGE = YES_ERROR;
				CLANG_WARN_DOCUMENTATION_COMMENTS = YES;
				CLANG_WARN_EMPTY_BODY = YES;
				CLANG_WARN_ENUM_CONVERSION = YES;
				CLANG_WARN_INFINITE_RECURSION = YES;
				CLANG_WARN_INT_CONVERSION = YES;
				CLANG_WARN_NON_LITERAL_NULL_CONVERSION = YES;
				CLANG_WARN_OBJC_IMPLICIT_RETAIN_SELF = YES;
				CLANG_WARN_OBJC_LITERAL_CONVERSION = YES;
				CLANG_WARN_OBJC_ROOT_CLASS = YES_ERROR;
				CLANG_WARN_QUOTED_INCLUDE_IN_FRAMEWORK_HEADER = YES;
				CLANG_WARN_RANGE_LOOP_ANALYSIS = YES;
				CLANG_WARN_STRICT_PROTOTYPES = YES;
				CLANG_WARN_SUSPICIOUS_MOVE = YES;
				CLANG_WARN_UNGUARDED_AVAILABILITY = YES_AGGRESSIVE;
				CLANG_WARN_UNREACHABLE_CODE = YES;
				CLANG_WARN__DUPLICATE_METHOD_MATCH = YES;
				COPY_PHASE_STRIP = NO;
				DEBUG_INFORMATION_FORMAT = "dwarf-with-dsym";
				ENABLE_NS_ASSERTIONS = NO;
				ENABLE_STRICT_OBJC_MSGSEND = YES;
				ENABLE_USER_SCRIPT_SANDBOXING = YES;
				GCC_C_LANGUAGE_STANDARD = gnu17;
				GCC_NO_COMMON_BLOCKS = YES;
				GCC_WARN_64_TO_32_BIT_CONVERSION = YES;
				GCC_WARN_ABOUT_RETURN_TYPE = YES_ERROR;
				GCC_WARN_UNDECLARED_SELECTOR = YES;
				GCC_WARN_UNINITIALIZED_AUTOS = YES_AGGRESSIVE;
				GCC_WARN_UNUSED_FUNCTION = YES;
				GCC_WARN_UNUSED_VARIABLE = YES;
				IPHONEOS_DEPLOYMENT_TARGET = 18.0;
				LOCALIZATION_PREFERS_STRING_CATALOGS = YES;
				MTL_ENABLE_DEBUG_INFO = NO;
				MTL_FAST_MATH = YES;
				SDKROOT = iphoneos;
				SWIFT_COMPILATION_MODE = wholemodule;
				VALIDATE_PRODUCT = YES;
			};
			name = Release;
		};
		F47CEFBD2DAFE9DE00D6AC29 /* Debug */ = {
			isa = XCBuildConfiguration;
			buildSettings = {
				ASSETCATALOG_COMPILER_APPICON_NAME = AppIcon;
				ASSETCATALOG_COMPILER_GLOBAL_ACCENT_COLOR_NAME = AccentColor;
				CODE_SIGN_STYLE = Automatic;
				CURRENT_PROJECT_VERSION = 1;
				DEVELOPMENT_ASSET_PATHS = "\"PictureStory/Preview Content\"";
				DEVELOPMENT_TEAM = 4UG443984D;
				ENABLE_PREVIEWS = YES;
				GENERATE_INFOPLIST_FILE = YES;
				INFOPLIST_KEY_UIApplicationSceneManifest_Generation = YES;
				INFOPLIST_KEY_UIApplicationSupportsIndirectInputEvents = YES;
				INFOPLIST_KEY_UILaunchScreen_Generation = YES;
				INFOPLIST_KEY_UISupportedInterfaceOrientations_iPad = "UIInterfaceOrientationPortrait UIInterfaceOrientationPortraitUpsideDown UIInterfaceOrientationLandscapeLeft UIInterfaceOrientationLandscapeRight";
				INFOPLIST_KEY_UISupportedInterfaceOrientations_iPhone = "UIInterfaceOrientationPortrait UIInterfaceOrientationLandscapeLeft UIInterfaceOrientationLandscapeRight";
				IPHONEOS_DEPLOYMENT_TARGET = 17.6;
				LD_RUNPATH_SEARCH_PATHS = (
					"$(inherited)",
					"@executable_path/Frameworks",
				);
				MARKETING_VERSION = 1.0;
				PRODUCT_BUNDLE_IDENTIFIER = name.hannupackalen.PictureStory;
				PRODUCT_NAME = "$(TARGET_NAME)";
				SWIFT_EMIT_LOC_STRINGS = YES;
				SWIFT_VERSION = 5.0;
				TARGETED_DEVICE_FAMILY = "1,2";
			};
			name = Debug;
		};
		F47CEFBE2DAFE9DE00D6AC29 /* Release */ = {
			isa = XCBuildConfiguration;
			buildSettings = {
				ASSETCATALOG_COMPILER_APPICON_NAME = AppIcon;
				ASSETCATALOG_COMPILER_GLOBAL_ACCENT_COLOR_NAME = AccentColor;
				CODE_SIGN_STYLE = Automatic;
				CURRENT_PROJECT_VERSION = 1;
				DEVELOPMENT_ASSET_PATHS = "\"PictureStory/Preview Content\"";
				DEVELOPMENT_TEAM = 4UG443984D;
				ENABLE_PREVIEWS = YES;
				GENERATE_INFOPLIST_FILE = YES;
				INFOPLIST_KEY_UIApplicationSceneManifest_Generation = YES;
				INFOPLIST_KEY_UIApplicationSupportsIndirectInputEvents = YES;
				INFOPLIST_KEY_UILaunchScreen_Generation = YES;
				INFOPLIST_KEY_UISupportedInterfaceOrientations_iPad = "UIInterfaceOrientationPortrait UIInterfaceOrientationPortraitUpsideDown UIInterfaceOrientationLandscapeLeft UIInterfaceOrientationLandscapeRight";
				INFOPLIST_KEY_UISupportedInterfaceOrientations_iPhone = "UIInterfaceOrientationPortrait UIInterfaceOrientationLandscapeLeft UIInterfaceOrientationLandscapeRight";
				IPHONEOS_DEPLOYMENT_TARGET = 17.6;
				LD_RUNPATH_SEARCH_PATHS = (
					"$(inherited)",
					"@executable_path/Frameworks",
				);
				MARKETING_VERSION = 1.0;
				PRODUCT_BUNDLE_IDENTIFIER = name.hannupackalen.PictureStory;
				PRODUCT_NAME = "$(TARGET_NAME)";
				SWIFT_EMIT_LOC_STRINGS = YES;
				SWIFT_VERSION = 5.0;
				TARGETED_DEVICE_FAMILY = "1,2";
			};
			name = Release;
		};
/* End XCBuildConfiguration section */

/* Begin XCConfigurationList section */
		F47CEFA92DAFE9DD00D6AC29 /* Build configuration list for PBXProject "PictureStory" */ = {
			isa = XCConfigurationList;
			buildConfigurations = (
				F47CEFBA2DAFE9DE00D6AC29 /* Debug */,
				F47CEFBB2DAFE9DE00D6AC29 /* Release */,
			);
			defaultConfigurationIsVisible = 0;
			defaultConfigurationName = Release;
		};
		F47CEFBC2DAFE9DE00D6AC29 /* Build configuration list for PBXNativeTarget "PictureStory" */ = {
			isa = XCConfigurationList;
			buildConfigurations = (
				F47CEFBD2DAFE9DE00D6AC29 /* Debug */,
				F47CEFBE2DAFE9DE00D6AC29 /* Release */,
			);
			defaultConfigurationIsVisible = 0;
			defaultConfigurationName = Release;
		};
/* End XCConfigurationList section */
	};
	rootObject = F47CEFA62DAFE9DD00D6AC29 /* Project object */;
}
